# THIS IS AN AUTOGENERATED FILE. DO NOT EDIT THIS FILE DIRECTLY.
# yarn lockfile v1


cross-fetch@2.1.0:
  version "2.1.0"
  resolved "https://registry.yarnpkg.com/cross-fetch/-/cross-fetch-2.1.0.tgz#7d4ea7e10a4f3bb73d5c2f0a3791ec3752d39b50"
  integrity sha512-FTIt2WK44RiafWQ62xIvd+oBoVd392abh1lF872trLlA74JCR1s4oTHlixwoIKy44ehn8WbQ0Ds2P16sw7ZQxg==
  dependencies:
    node-fetch "2.1.1"
    whatwg-fetch "2.0.3"

node-fetch@2.1.1:
  version "2.1.1"
  resolved "https://registry.yarnpkg.com/node-fetch/-/node-fetch-2.1.1.tgz#369ca70b82f50c86496104a6c776d274f4e4a2d4"
  integrity sha1-NpynC4L1DIZJYQSmx3bSdPTkotQ=

whatwg-fetch@2.0.3:
  version "2.0.3"
  resolved "https://registry.yarnpkg.com/whatwg-fetch/-/whatwg-fetch-2.0.3.tgz#9c84ec2dcf68187ff00bc64e1274b442176e1c84"
  integrity sha1-nITsLc9oGH/wC8ZOEnS0QhduHIQ=
